
Microsoft Visual Studio Solution File, Format Version 9.00
# Visual Studio 2005
Project("{FAE04EC0-301F-11D3-BF4B-00C04F79EFBC}") = "DokuGen", "GeneradorDocumentos\DokuGen.csproj", "{F15EAE65-0204-423D-9085-FE0A571265DE}"
EndProject
Project("{54435603-DBB4-11D2-8724-00A0C9A8B90C}") = "setup DokuGen", "setup DokuGen\setup DokuGen.vdproj", "{852FD6C4-0142-44A6-863C-5921C803D7EC}"
EndProject
Global
	GlobalSection(SolutionConfigurationPlatforms) = preSolution
		Debug|Any CPU = Debug|Any CPU
		Release|Any CPU = Release|Any CPU
	EndGlobalSection
	GlobalSection(ProjectConfigurationPlatforms) = postSolution
		{F15EAE65-0204-423D-9085-FE0A571265DE}.Debug|Any CPU.ActiveCfg = Debug|Any CPU
		{F15EAE65-0204-423D-9085-FE0A571265DE}.Debug|Any CPU.Build.0 = Debug|Any CPU
		{F15EAE65-0204-423D-9085-FE0A571265DE}.Release|Any CPU.ActiveCfg = Release|Any CPU
		{F15EAE65-0204-423D-9085-FE0A571265DE}.Release|Any CPU.Build.0 = Release|Any CPU
		{852FD6C4-0142-44A6-863C-5921C803D7EC}.Debug|Any CPU.ActiveCfg = Debug
		{852FD6C4-0142-44A6-863C-5921C803D7EC}.Release|Any CPU.ActiveCfg = Release
	EndGlobalSection
	GlobalSection(SolutionProperties) = preSolution
		HideSolutionNode = FALSE
	EndGlobalSection
EndGlobal
